
Microsoft Visual Studio Solution File, Format Version 12.00
# Visual Studio Version 16
VisualStudioVersion = 16.0.31729.503
MinimumVisualStudioVersion = 10.0.40219.1
Project("{8BC9CEB8-8B4A-11D0-8D11-00A0C91BC942}") = "ProjectX", "ProjectX\ProjectX.vcxproj", "{870E0BF6-C0B2-4DAF-944C-3A4C85C3B318}"
EndProject
Global
	GlobalSection(SolutionConfigurationPlatforms) = preSolution
		Debug|x64 = Debug|x64
		Debug|x86 = Debug|x86
		Release|x64 = Release|x64
		Release|x86 = Release|x86
	EndGlobalSection
	GlobalSection(ProjectConfigurationPlatforms) = postSolution
		{870E0BF6-C0B2-4DAF-944C-3A4C85C3B318}.Debug|x64.ActiveCfg = Debug|x64
		{870E0BF6-C0B2-4DAF-944C-3A4C85C3B318}.Debug|x64.Build.0 = Debug|x64
		{870E0BF6-C0B2-4DAF-944C-3A4C85C3B318}.Debug|x86.ActiveCfg = Debug|Win32
		{870E0BF6-C0B2-4DAF-944C-3A4C85C3B318}.Debug|x86.Build.0 = Debug|Win32
		{870E0BF6-C0B2-4DAF-944C-3A4C85C3B318}.Release|x64.ActiveCfg = Release|x64
		{870E0BF6-C0B2-4DAF-944C-3A4C85C3B318}.Release|x64.Build.0 = Release|x64
		{870E0BF6-C0B2-4DAF-944C-3A4C85C3B318}.Release|x86.ActiveCfg = Release|Win32
		{870E0BF6-C0B2-4DAF-944C-3A4C85C3B318}.Release|x86.Build.0 = Release|Win32
	EndGlobalSection
	GlobalSection(SolutionProperties) = preSolution
		HideSolutionNode = FALSE
	EndGlobalSection
	GlobalSection(ExtensibilityGlobals) = postSolution
		SolutionGuid = {7A71899A-46D9-412D-A210-E08449599946}
	EndGlobalSection
EndGlobal
